{
  "nodes": {
    "disko": {
      "inputs": {
        "nixpkgs": [
          "nixpkgs"
        ]
      },
      "locked": {
        "lastModified": 1717915259,
        "narHash": "sha256-VsGPboaleIlPELHY5cNTrXK4jHVmgUra8uC6h7KVC5c=",
        "owner": "nix-community",
        "repo": "disko",
        "rev": "1bbdb06f14e2621290b250e631cf3d8948e4d19b",
        "type": "github"
      },
      "original": {
        "owner": "nix-community",
        "repo": "disko",
        "type": "github"
      }
    },
    "nixpkgs": {
      "locked": {
        "lastModified": 1717696253,
        "narHash": "sha256-1+ua0ggXlYYPLTmMl3YeYYsBXDSCqT+Gw3u6l4gvMhA=",
        "owner": "NixOS",
        "repo": "nixpkgs",
        "rev": "9b5328b7f761a7bbdc0e332ac4cf076a3eedb89b",
        "type": "github"
      },
      "original": {
        "owner": "NixOS",
        "ref": "nixos-24.05",
        "repo": "nixpkgs",
        "type": "github"
      }
    },
    "root": {
      "inputs": {
        "disko": "disko",
        "nixpkgs": "nixpkgs"
      }
    }
  },
  "root": "root",
  "version": 7
}
